// !$*UTF8*$!
{
	archiveVersion = 1;
	classes = {
	};
	objectVersion = 77;
	objects = {

/* Begin PBXBuildFile section */
		3B6B92D52CA8A5790020FCA8 /* Core in Frameworks */ = {isa = PBXBuildFile; productRef = 3B6B92D42CA8A5790020FCA8 /* Core */; };
		3B6B92D72CA8A7CE0020FCA8 /* Design in Frameworks */ = {isa = PBXBuildFile; productRef = 3B6B92D62CA8A7CE0020FCA8 /* Design */; };
		3B6B92D92CA8A8AA0020FCA8 /* Common in Frameworks */ = {isa = PBXBuildFile; productRef = 3B6B92D82CA8A8AA0020FCA8 /* Common */; };
		3B6B92DB2CA8A9B40020FCA8 /* Auth in Frameworks */ = {isa = PBXBuildFile; productRef = 3B6B92DA2CA8A9B40020FCA8 /* Auth */; };
		3BF200872CC45B190081D970 /* Home in Frameworks */ = {isa = PBXBuildFile; productRef = 3BF200862CC45B190081D970 /* Home */; };
/* End PBXBuildFile section */

/* Begin PBXContainerItemProxy section */
		3B6B92B72CA8A52A0020FCA8 /* PBXContainerItemProxy */ = {
			isa = PBXContainerItemProxy;
			containerPortal = 3B6B929E2CA8A5280020FCA8 /* Project object */;
			proxyType = 1;
			remoteGlobalIDString = 3B6B92A52CA8A5280020FCA8;
			remoteInfo = Clean;
		};
		3B6B92C12CA8A52A0020FCA8 /* PBXContainerItemProxy */ = {
			isa = PBXContainerItemProxy;
			containerPortal = 3B6B929E2CA8A5280020FCA8 /* Project object */;
			proxyType = 1;
			remoteGlobalIDString = 3B6B92A52CA8A5280020FCA8;
			remoteInfo = Clean;
		};
/* End PBXContainerItemProxy section */

/* Begin PBXFileReference section */
		3B6B92A62CA8A5280020FCA8 /* Clean.app */ = {isa = PBXFileReference; explicitFileType = wrapper.application; includeInIndex = 0; path = Clean.app; sourceTree = BUILT_PRODUCTS_DIR; };
		3B6B92B62CA8A52A0020FCA8 /* CleanTests.xctest */ = {isa = PBXFileReference; explicitFileType = wrapper.cfbundle; includeInIndex = 0; path = CleanTests.xctest; sourceTree = BUILT_PRODUCTS_DIR; };
		3B6B92C02CA8A52A0020FCA8 /* CleanUITests.xctest */ = {isa = PBXFileReference; explicitFileType = wrapper.cfbundle; includeInIndex = 0; path = CleanUITests.xctest; sourceTree = BUILT_PRODUCTS_DIR; };
/* End PBXFileReference section */

/* Begin PBXFileSystemSynchronizedRootGroup section */
		3B6B92A82CA8A5280020FCA8 /* Clean */ = {
			isa = PBXFileSystemSynchronizedRootGroup;
			path = Clean;
			sourceTree = "<group>";
		};
		3B6B92B92CA8A52A0020FCA8 /* CleanTests */ = {
			isa = PBXFileSystemSynchronizedRootGroup;
			path = CleanTests;
			sourceTree = "<group>";
		};
/* End PBXFileSystemSynchronizedRootGroup section */

/* Begin PBXFrameworksBuildPhase section */
		3B6B92A32CA8A5280020FCA8 /* Frameworks */ = {
			isa = PBXFrameworksBuildPhase;
			buildActionMask = 2147483647;
			files = (
				3B6B92D72CA8A7CE0020FCA8 /* Design in Frameworks */,
				3B6B92D52CA8A5790020FCA8 /* Core in Frameworks */,
				3B6B92DB2CA8A9B40020FCA8 /* Auth in Frameworks */,
				3BF200872CC45B190081D970 /* Home in Frameworks */,
				3B6B92D92CA8A8AA0020FCA8 /* Common in Frameworks */,
			);
			runOnlyForDeploymentPostprocessing = 0;
		};
		3B6B92B32CA8A52A0020FCA8 /* Frameworks */ = {
			isa = PBXFrameworksBuildPhase;
			buildActionMask = 2147483647;
			files = (
			);
			runOnlyForDeploymentPostprocessing = 0;
		};
		3B6B92BD2CA8A52A0020FCA8 /* Frameworks */ = {
			isa = PBXFrameworksBuildPhase;
			buildActionMask = 2147483647;
			files = (
			);
			runOnlyForDeploymentPostprocessing = 0;
		};
/* End PBXFrameworksBuildPhase section */

/* Begin PBXGroup section */
		3B6B929D2CA8A5280020FCA8 = {
			isa = PBXGroup;
			children = (
				3B6B92A82CA8A5280020FCA8 /* Clean */,
				3B6B92B92CA8A52A0020FCA8 /* CleanTests */,
				3B6B92D32CA8A5790020FCA8 /* Frameworks */,
				3B6B92A72CA8A5280020FCA8 /* Products */,
			);
			sourceTree = "<group>";
		};
		3B6B92A72CA8A5280020FCA8 /* Products */ = {
			isa = PBXGroup;
			children = (
				3B6B92A62CA8A5280020FCA8 /* Clean.app */,
				3B6B92B62CA8A52A0020FCA8 /* CleanTests.xctest */,
				3B6B92C02CA8A52A0020FCA8 /* CleanUITests.xctest */,
			);
			name = Products;
			sourceTree = "<group>";
		};
		3B6B92D32CA8A5790020FCA8 /* Frameworks */ = {
			isa = PBXGroup;
			children = (
			);
			name = Frameworks;
			sourceTree = "<group>";
		};
/* End PBXGroup section */

/* Begin PBXNativeTarget section */
		3B6B92A52CA8A5280020FCA8 /* Clean */ = {
			isa = PBXNativeTarget;
			buildConfigurationList = 3B6B92CA2CA8A52A0020FCA8 /* Build configuration list for PBXNativeTarget "Clean" */;
			buildPhases = (
				3B6B92A22CA8A5280020FCA8 /* Sources */,
				3B6B92A32CA8A5280020FCA8 /* Frameworks */,
				3B6B92A42CA8A5280020FCA8 /* Resources */,
			);
			buildRules = (
			);
			dependencies = (
			);
			fileSystemSynchronizedGroups = (
				3B6B92A82CA8A5280020FCA8 /* Clean */,
			);
			name = Clean;
			packageProductDependencies = (
				3B6B92D42CA8A5790020FCA8 /* Core */,
				3B6B92D62CA8A7CE0020FCA8 /* Design */,
				3B6B92D82CA8A8AA0020FCA8 /* Common */,
				3B6B92DA2CA8A9B40020FCA8 /* Auth */,
				3BF200862CC45B190081D970 /* Home */,
			);
			productName = Clean;
			productReference = 3B6B92A62CA8A5280020FCA8 /* Clean.app */;
			productType = "com.apple.product-type.application";
		};
		3B6B92B52CA8A52A0020FCA8 /* CleanTests */ = {
			isa = PBXNativeTarget;
			buildConfigurationList = 3B6B92CD2CA8A52A0020FCA8 /* Build configuration list for PBXNativeTarget "CleanTests" */;
			buildPhases = (
				3B6B92B22CA8A52A0020FCA8 /* Sources */,
				3B6B92B32CA8A52A0020FCA8 /* Frameworks */,
				3B6B92B42CA8A52A0020FCA8 /* Resources */,
			);
			buildRules = (
			);
			dependencies = (
				3B6B92B82CA8A52A0020FCA8 /* PBXTargetDependency */,
			);
			fileSystemSynchronizedGroups = (
				3B6B92B92CA8A52A0020FCA8 /* CleanTests */,
			);
			name = CleanTests;
			packageProductDependencies = (
			);
			productName = CleanTests;
			productReference = 3B6B92B62CA8A52A0020FCA8 /* CleanTests.xctest */;
			productType = "com.apple.product-type.bundle.unit-test";
		};
		3B6B92BF2CA8A52A0020FCA8 /* CleanUITests */ = {
			isa = PBXNativeTarget;
			buildConfigurationList = 3B6B92D02CA8A52A0020FCA8 /* Build configuration list for PBXNativeTarget "CleanUITests" */;
			buildPhases = (
				3B6B92BC2CA8A52A0020FCA8 /* Sources */,
				3B6B92BD2CA8A52A0020FCA8 /* Frameworks */,
				3B6B92BE2CA8A52A0020FCA8 /* Resources */,
			);
			buildRules = (
			);
			dependencies = (
				3B6B92C22CA8A52A0020FCA8 /* PBXTargetDependency */,
			);
			name = CleanUITests;
			packageProductDependencies = (
			);
			productName = CleanUITests;
			productReference = 3B6B92C02CA8A52A0020FCA8 /* CleanUITests.xctest */;
			productType = "com.apple.product-type.bundle.ui-testing";
		};
/* End PBXNativeTarget section */

/* Begin PBXProject section */
		3B6B929E2CA8A5280020FCA8 /* Project object */ = {
			isa = PBXProject;
			attributes = {
				BuildIndependentTargetsInParallel = 1;
				LastSwiftUpdateCheck = 1600;
				LastUpgradeCheck = 1600;
				TargetAttributes = {
					3B6B92A52CA8A5280020FCA8 = {
						CreatedOnToolsVersion = 16.0;
					};
					3B6B92B52CA8A52A0020FCA8 = {
						CreatedOnToolsVersion = 16.0;
						TestTargetID = 3B6B92A52CA8A5280020FCA8;
					};
					3B6B92BF2CA8A52A0020FCA8 = {
						CreatedOnToolsVersion = 16.0;
						TestTargetID = 3B6B92A52CA8A5280020FCA8;
					};
				};
			};
			buildConfigurationList = 3B6B92A12CA8A5280020FCA8 /* Build configuration list for PBXProject "Clean" */;
			developmentRegion = en;
			hasScannedForEncodings = 0;
			knownRegions = (
				en,
				Base,
			);
			mainGroup = 3B6B929D2CA8A5280020FCA8;
			minimizedProjectReferenceProxies = 1;
			preferredProjectObjectVersion = 77;
			productRefGroup = 3B6B92A72CA8A5280020FCA8 /* Products */;
			projectDirPath = "";
			projectRoot = "";
			targets = (
				3B6B92A52CA8A5280020FCA8 /* Clean */,
				3B6B92B52CA8A52A0020FCA8 /* CleanTests */,
				3B6B92BF2CA8A52A0020FCA8 /* CleanUITests */,
			);
		};
/* End PBXProject section */

/* Begin PBXResourcesBuildPhase section */
		3B6B92A42CA8A5280020FCA8 /* Resources */ = {
			isa = PBXResourcesBuildPhase;
			buildActionMask = 2147483647;
			files = (
			);
			runOnlyForDeploymentPostprocessing = 0;
		};
		3B6B92B42CA8A52A0020FCA8 /* Resources */ = {
			isa = PBXResourcesBuildPhase;
			buildActionMask = 2147483647;
			files = (
			);
			runOnlyForDeploymentPostprocessing = 0;
		};
		3B6B92BE2CA8A52A0020FCA8 /* Resources */ = {
			isa = PBXResourcesBuildPhase;
			buildActionMask = 2147483647;
			files = (
			);
			runOnlyForDeploymentPostprocessing = 0;
		};
/* End PBXResourcesBuildPhase section */

/* Begin PBXSourcesBuildPhase section */
		3B6B92A22CA8A5280020FCA8 /* Sources */ = {
			isa = PBXSourcesBuildPhase;
			buildActionMask = 2147483647;
			files = (
			);
			runOnlyForDeploymentPostprocessing = 0;
		};
		3B6B92B22CA8A52A0020FCA8 /* Sources */ = {
			isa = PBXSourcesBuildPhase;
			buildActionMask = 2147483647;
			files = (
			);
			runOnlyForDeploymentPostprocessing = 0;
		};
		3B6B92BC2CA8A52A0020FCA8 /* Sources */ = {
			isa = PBXSourcesBuildPhase;
			buildActionMask = 2147483647;
			files = (
			);
			runOnlyForDeploymentPostprocessing = 0;
		};
/* End PBXSourcesBuildPhase section */

/* Begin PBXTargetDependency section */
		3B6B92B82CA8A52A0020FCA8 /* PBXTargetDependency */ = {
			isa = PBXTargetDependency;
			target = 3B6B92A52CA8A5280020FCA8 /* Clean */;
			targetProxy = 3B6B92B72CA8A52A0020FCA8 /* PBXContainerItemProxy */;
		};
		3B6B92C22CA8A52A0020FCA8 /* PBXTargetDependency */ = {
			isa = PBXTargetDependency;
			target = 3B6B92A52CA8A5280020FCA8 /* Clean */;
			targetProxy = 3B6B92C12CA8A52A0020FCA8 /* PBXContainerItemProxy */;
		};
/* End PBXTargetDependency section */

/* Begin XCBuildConfiguration section */
		3B6B92C82CA8A52A0020FCA8 /* Debug */ = {
			isa = XCBuildConfiguration;
			buildSettings = {
				ALWAYS_SEARCH_USER_PATHS = NO;
				ASSETCATALOG_COMPILER_GENERATE_SWIFT_ASSET_SYMBOL_EXTENSIONS = YES;
				CLANG_ANALYZER_NONNULL = YES;
				CLANG_ANALYZER_NUMBER_OBJECT_CONVERSION = YES_AGGRESSIVE;
				CLANG_CXX_LANGUAGE_STANDARD = "gnu++20";
				CLANG_ENABLE_MODULES = YES;
				CLANG_ENABLE_OBJC_ARC = YES;
				CLANG_ENABLE_OBJC_WEAK = YES;
				CLANG_WARN_BLOCK_CAPTURE_AUTORELEASING = YES;
				CLANG_WARN_BOOL_CONVERSION = YES;
				CLANG_WARN_COMMA = YES;
				CLANG_WARN_CONSTANT_CONVERSION = YES;
				CLANG_WARN_DEPRECATED_OBJC_IMPLEMENTATIONS = YES;
				CLANG_WARN_DIRECT_OBJC_ISA_USAGE = YES_ERROR;
				CLANG_WARN_DOCUMENTATION_COMMENTS = YES;
				CLANG_WARN_EMPTY_BODY = YES;
				CLANG_WARN_ENUM_CONVERSION = YES;
				CLANG_WARN_INFINITE_RECURSION = YES;
				CLANG_WARN_INT_CONVERSION = YES;
				CLANG_WARN_NON_LITERAL_NULL_CONVERSION = YES;
				CLANG_WARN_OBJC_IMPLICIT_RETAIN_SELF = YES;
				CLANG_WARN_OBJC_LITERAL_CONVERSION = YES;
				CLANG_WARN_OBJC_ROOT_CLASS = YES_ERROR;
				CLANG_WARN_QUOTED_INCLUDE_IN_FRAMEWORK_HEADER = YES;
				CLANG_WARN_RANGE_LOOP_ANALYSIS = YES;
				CLANG_WARN_STRICT_PROTOTYPES = YES;
				CLANG_WARN_SUSPICIOUS_MOVE = YES;
				CLANG_WARN_UNGUARDED_AVAILABILITY = YES_AGGRESSIVE;
				CLANG_WARN_UNREACHABLE_CODE = YES;
				CLANG_WARN__DUPLICATE_METHOD_MATCH = YES;
				COPY_PHASE_STRIP = NO;
				DEBUG_INFORMATION_FORMAT = dwarf;
				ENABLE_STRICT_OBJC_MSGSEND = YES;
				ENABLE_TESTABILITY = YES;
				ENABLE_USER_SCRIPT_SANDBOXING = YES;
				GCC_C_LANGUAGE_STANDARD = gnu17;
				GCC_DYNAMIC_NO_PIC = NO;
				GCC_NO_COMMON_BLOCKS = YES;
				GCC_OPTIMIZATION_LEVEL = 0;
				GCC_PREPROCESSOR_DEFINITIONS = (
					"DEBUG=1",
					"$(inherited)",
				);
				GCC_WARN_64_TO_32_BIT_CONVERSION = YES;
				GCC_WARN_ABOUT_RETURN_TYPE = YES_ERROR;
				GCC_WARN_UNDECLARED_SELECTOR = YES;
				GCC_WARN_UNINITIALIZED_AUTOS = YES_AGGRESSIVE;
				GCC_WARN_UNUSED_FUNCTION = YES;
				GCC_WARN_UNUSED_VARIABLE = YES;
				IPHONEOS_DEPLOYMENT_TARGET = 18.0;
				LOCALIZATION_PREFERS_STRING_CATALOGS = YES;
				MTL_ENABLE_DEBUG_INFO = INCLUDE_SOURCE;
				MTL_FAST_MATH = YES;
				ONLY_ACTIVE_ARCH = YES;
				SDKROOT = iphoneos;
				SWIFT_ACTIVE_COMPILATION_CONDITIONS = "DEBUG $(inherited)";
				SWIFT_OPTIMIZATION_LEVEL = "-Onone";
			};
			name = Debug;
		};
		3B6B92C92CA8A52A0020FCA8 /* Release */ = {
			isa = XCBuildConfiguration;
			buildSettings = {
				ALWAYS_SEARCH_USER_PATHS = NO;
				ASSETCATALOG_COMPILER_GENERATE_SWIFT_ASSET_SYMBOL_EXTENSIONS = YES;
				CLANG_ANALYZER_NONNULL = YES;
				CLANG_ANALYZER_NUMBER_OBJECT_CONVERSION = YES_AGGRESSIVE;
				CLANG_CXX_LANGUAGE_STANDARD = "gnu++20";
				CLANG_ENABLE_MODULES = YES;
				CLANG_ENABLE_OBJC_ARC = YES;
				CLANG_ENABLE_OBJC_WEAK = YES;
				CLANG_WARN_BLOCK_CAPTURE_AUTORELEASING = YES;
				CLANG_WARN_BOOL_CONVERSION = YES;
				CLANG_WARN_COMMA = YES;
				CLANG_WARN_CONSTANT_CONVERSION = YES;
				CLANG_WARN_DEPRECATED_OBJC_IMPLEMENTATIONS = YES;
				CLANG_WARN_DIRECT_OBJC_ISA_USAGE = YES_ERROR;
				CLANG_WARN_DOCUMENTATION_COMMENTS = YES;
				CLANG_WARN_EMPTY_BODY = YES;
				CLANG_WARN_ENUM_CONVERSION = YES;
				CLANG_WARN_INFINITE_RECURSION = YES;
				CLANG_WARN_INT_CONVERSION = YES;
				CLANG_WARN_NON_LITERAL_NULL_CONVERSION = YES;
				CLANG_WARN_OBJC_IMPLICIT_RETAIN_SELF = YES;
				CLANG_WARN_OBJC_LITERAL_CONVERSION = YES;
				CLANG_WARN_OBJC_ROOT_CLASS = YES_ERROR;
				CLANG_WARN_QUOTED_INCLUDE_IN_FRAMEWORK_HEADER = YES;
				CLANG_WARN_RANGE_LOOP_ANALYSIS = YES;
				CLANG_WARN_STRICT_PROTOTYPES = YES;
				CLANG_WARN_SUSPICIOUS_MOVE = YES;
				CLANG_WARN_UNGUARDED_AVAILABILITY = YES_AGGRESSIVE;
				CLANG_WARN_UNREACHABLE_CODE = YES;
				CLANG_WARN__DUPLICATE_METHOD_MATCH = YES;
				COPY_PHASE_STRIP = NO;
				DEBUG_INFORMATION_FORMAT = "dwarf-with-dsym";
				ENABLE_NS_ASSERTIONS = NO;
				ENABLE_STRICT_OBJC_MSGSEND = YES;
				ENABLE_USER_SCRIPT_SANDBOXING = YES;
				GCC_C_LANGUAGE_STANDARD = gnu17;
				GCC_NO_COMMON_BLOCKS = YES;
				GCC_WARN_64_TO_32_BIT_CONVERSION = YES;
				GCC_WARN_ABOUT_RETURN_TYPE = YES_ERROR;
				GCC_WARN_UNDECLARED_SELECTOR = YES;
				GCC_WARN_UNINITIALIZED_AUTOS = YES_AGGRESSIVE;
				GCC_WARN_UNUSED_FUNCTION = YES;
				GCC_WARN_UNUSED_VARIABLE = YES;
				IPHONEOS_DEPLOYMENT_TARGET = 18.0;
				LOCALIZATION_PREFERS_STRING_CATALOGS = YES;
				MTL_ENABLE_DEBUG_INFO = NO;
				MTL_FAST_MATH = YES;
				SDKROOT = iphoneos;
				SWIFT_COMPILATION_MODE = wholemodule;
				VALIDATE_PRODUCT = YES;
			};
			name = Release;
		};
		3B6B92CB2CA8A52A0020FCA8 /* Debug */ = {
			isa = XCBuildConfiguration;
			buildSettings = {
				ASSETCATALOG_COMPILER_APPICON_NAME = AppIcon;
				ASSETCATALOG_COMPILER_GLOBAL_ACCENT_COLOR_NAME = AccentColor;
				CODE_SIGN_STYLE = Automatic;
				CURRENT_PROJECT_VERSION = 1;
				DEVELOPMENT_TEAM = RDRYD9MWH5;
				ENABLE_PREVIEWS = YES;
				GENERATE_INFOPLIST_FILE = YES;
				INFOPLIST_KEY_UIApplicationSceneManifest_Generation = YES;
				INFOPLIST_KEY_UIApplicationSupportsIndirectInputEvents = YES;
				INFOPLIST_KEY_UILaunchScreen_Generation = YES;
				INFOPLIST_KEY_UISupportedInterfaceOrientations_iPad = "UIInterfaceOrientationPortrait UIInterfaceOrientationPortraitUpsideDown UIInterfaceOrientationLandscapeLeft UIInterfaceOrientationLandscapeRight";
				INFOPLIST_KEY_UISupportedInterfaceOrientations_iPhone = "UIInterfaceOrientationPortrait UIInterfaceOrientationLandscapeLeft UIInterfaceOrientationLandscapeRight";
				LD_RUNPATH_SEARCH_PATHS = (
					"$(inherited)",
					"@executable_path/Frameworks",
				);
				MARKETING_VERSION = 1.0;
				PRODUCT_BUNDLE_IDENTIFIER = com.nihadallahveranov.Clean;
				PRODUCT_NAME = "$(TARGET_NAME)";
				SWIFT_EMIT_LOC_STRINGS = YES;
				SWIFT_VERSION = 5.0;
				TARGETED_DEVICE_FAMILY = "1,2";
			};
			name = Debug;
		};
		3B6B92CC2CA8A52A0020FCA8 /* Release */ = {
			isa = XCBuildConfiguration;
			buildSettings = {
				ASSETCATALOG_COMPILER_APPICON_NAME = AppIcon;
				ASSETCATALOG_COMPILER_GLOBAL_ACCENT_COLOR_NAME = AccentColor;
				CODE_SIGN_STYLE = Automatic;
				CURRENT_PROJECT_VERSION = 1;
				DEVELOPMENT_TEAM = RDRYD9MWH5;
				ENABLE_PREVIEWS = YES;
				GENERATE_INFOPLIST_FILE = YES;
				INFOPLIST_KEY_UIApplicationSceneManifest_Generation = YES;
				INFOPLIST_KEY_UIApplicationSupportsIndirectInputEvents = YES;
				INFOPLIST_KEY_UILaunchScreen_Generation = YES;
				INFOPLIST_KEY_UISupportedInterfaceOrientations_iPad = "UIInterfaceOrientationPortrait UIInterfaceOrientationPortraitUpsideDown UIInterfaceOrientationLandscapeLeft UIInterfaceOrientationLandscapeRight";
				INFOPLIST_KEY_UISupportedInterfaceOrientations_iPhone = "UIInterfaceOrientationPortrait UIInterfaceOrientationLandscapeLeft UIInterfaceOrientationLandscapeRight";
				LD_RUNPATH_SEARCH_PATHS = (
					"$(inherited)",
					"@executable_path/Frameworks",
				);
				MARKETING_VERSION = 1.0;
				PRODUCT_BUNDLE_IDENTIFIER = com.nihadallahveranov.Clean;
				PRODUCT_NAME = "$(TARGET_NAME)";
				SWIFT_EMIT_LOC_STRINGS = YES;
				SWIFT_VERSION = 5.0;
				TARGETED_DEVICE_FAMILY = "1,2";
			};
			name = Release;
		};
		3B6B92CE2CA8A52A0020FCA8 /* Debug */ = {
			isa = XCBuildConfiguration;
			buildSettings = {
				BUNDLE_LOADER = "$(TEST_HOST)";
				CODE_SIGN_STYLE = Automatic;
				CURRENT_PROJECT_VERSION = 1;
				DEVELOPMENT_TEAM = RDRYD9MWH5;
				GENERATE_INFOPLIST_FILE = YES;
				IPHONEOS_DEPLOYMENT_TARGET = 18.0;
				MARKETING_VERSION = 1.0;
				PRODUCT_BUNDLE_IDENTIFIER = com.nihadallahveranov.CleanTests;
				PRODUCT_NAME = "$(TARGET_NAME)";
				SWIFT_EMIT_LOC_STRINGS = NO;
				SWIFT_VERSION = 5.0;
				TARGETED_DEVICE_FAMILY = "1,2";
				TEST_HOST = "$(BUILT_PRODUCTS_DIR)/Clean.app/$(BUNDLE_EXECUTABLE_FOLDER_PATH)/Clean";
			};
			name = Debug;
		};
		3B6B92CF2CA8A52A0020FCA8 /* Release */ = {
			isa = XCBuildConfiguration;
			buildSettings = {
				BUNDLE_LOADER = "$(TEST_HOST)";
				CODE_SIGN_STYLE = Automatic;
				CURRENT_PROJECT_VERSION = 1;
				DEVELOPMENT_TEAM = RDRYD9MWH5;
				GENERATE_INFOPLIST_FILE = YES;
				IPHONEOS_DEPLOYMENT_TARGET = 18.0;
				MARKETING_VERSION = 1.0;
				PRODUCT_BUNDLE_IDENTIFIER = com.nihadallahveranov.CleanTests;
				PRODUCT_NAME = "$(TARGET_NAME)";
				SWIFT_EMIT_LOC_STRINGS = NO;
				SWIFT_VERSION = 5.0;
				TARGETED_DEVICE_FAMILY = "1,2";
				TEST_HOST = "$(BUILT_PRODUCTS_DIR)/Clean.app/$(BUNDLE_EXECUTABLE_FOLDER_PATH)/Clean";
			};
			name = Release;
		};
		3B6B92D12CA8A52A0020FCA8 /* Debug */ = {
			isa = XCBuildConfiguration;
			buildSettings = {
				CODE_SIGN_STYLE = Automatic;
				CURRENT_PROJECT_VERSION = 1;
				DEVELOPMENT_TEAM = RDRYD9MWH5;
				GENERATE_INFOPLIST_FILE = YES;
				MARKETING_VERSION = 1.0;
				PRODUCT_BUNDLE_IDENTIFIER = com.nihadallahveranov.CleanUITests;
				PRODUCT_NAME = "$(TARGET_NAME)";
				SWIFT_EMIT_LOC_STRINGS = NO;
				SWIFT_VERSION = 5.0;
				TARGETED_DEVICE_FAMILY = "1,2";
				TEST_TARGET_NAME = Clean;
			};
			name = Debug;
		};
		3B6B92D22CA8A52A0020FCA8 /* Release */ = {
			isa = XCBuildConfiguration;
			buildSettings = {
				CODE_SIGN_STYLE = Automatic;
				CURRENT_PROJECT_VERSION = 1;
				DEVELOPMENT_TEAM = RDRYD9MWH5;
				GENERATE_INFOPLIST_FILE = YES;
				MARKETING_VERSION = 1.0;
				PRODUCT_BUNDLE_IDENTIFIER = com.nihadallahveranov.CleanUITests;
				PRODUCT_NAME = "$(TARGET_NAME)";
				SWIFT_EMIT_LOC_STRINGS = NO;
				SWIFT_VERSION = 5.0;
				TARGETED_DEVICE_FAMILY = "1,2";
				TEST_TARGET_NAME = Clean;
			};
			name = Release;
		};
/* End XCBuildConfiguration section */

/* Begin XCConfigurationList section */
		3B6B92A12CA8A5280020FCA8 /* Build configuration list for PBXProject "Clean" */ = {
			isa = XCConfigurationList;
			buildConfigurations = (
				3B6B92C82CA8A52A0020FCA8 /* Debug */,
				3B6B92C92CA8A52A0020FCA8 /* Release */,
			);
			defaultConfigurationIsVisible = 0;
			defaultConfigurationName = Release;
		};
		3B6B92CA2CA8A52A0020FCA8 /* Build configuration list for PBXNativeTarget "Clean" */ = {
			isa = XCConfigurationList;
			buildConfigurations = (
				3B6B92CB2CA8A52A0020FCA8 /* Debug */,
				3B6B92CC2CA8A52A0020FCA8 /* Release */,
			);
			defaultConfigurationIsVisible = 0;
			defaultConfigurationName = Release;
		};
		3B6B92CD2CA8A52A0020FCA8 /* Build configuration list for PBXNativeTarget "CleanTests" */ = {
			isa = XCConfigurationList;
			buildConfigurations = (
				3B6B92CE2CA8A52A0020FCA8 /* Debug */,
				3B6B92CF2CA8A52A0020FCA8 /* Release */,
			);
			defaultConfigurationIsVisible = 0;
			defaultConfigurationName = Release;
		};
		3B6B92D02CA8A52A0020FCA8 /* Build configuration list for PBXNativeTarget "CleanUITests" */ = {
			isa = XCConfigurationList;
			buildConfigurations = (
				3B6B92D12CA8A52A0020FCA8 /* Debug */,
				3B6B92D22CA8A52A0020FCA8 /* Release */,
			);
			defaultConfigurationIsVisible = 0;
			defaultConfigurationName = Release;
		};
/* End XCConfigurationList section */

/* Begin XCSwiftPackageProductDependency section */
		3B6B92D42CA8A5790020FCA8 /* Core */ = {
			isa = XCSwiftPackageProductDependency;
			productName = Core;
		};
		3B6B92D62CA8A7CE0020FCA8 /* Design */ = {
			isa = XCSwiftPackageProductDependency;
			productName = Design;
		};
		3B6B92D82CA8A8AA0020FCA8 /* Common */ = {
			isa = XCSwiftPackageProductDependency;
			productName = Common;
		};
		3B6B92DA2CA8A9B40020FCA8 /* Auth */ = {
			isa = XCSwiftPackageProductDependency;
			productName = Auth;
		};
		3BF200862CC45B190081D970 /* Home */ = {
			isa = XCSwiftPackageProductDependency;
			productName = Home;
		};
/* End XCSwiftPackageProductDependency section */
	};
	rootObject = 3B6B929E2CA8A5280020FCA8 /* Project object */;
}
